// !$*UTF8*$!
{
	archiveVersion = 1;
	classes = {
	};
	objectVersion = 55;
	objects = {

/* Begin PBXBuildFile section */
		716E5A1E2799B68600FE544A /* AppDelegate.swift in Sources */ = {isa = PBXBuildFile; fileRef = 716E5A1D2799B68600FE544A /* AppDelegate.swift */; };
		716E5A202799B68600FE544A /* SceneDelegate.swift in Sources */ = {isa = PBXBuildFile; fileRef = 716E5A1F2799B68600FE544A /* SceneDelegate.swift */; };
		716E5A222799B68600FE544A /* ViewController.swift in Sources */ = {isa = PBXBuildFile; fileRef = 716E5A212799B68600FE544A /* ViewController.swift */; };
		716E5A252799B68600FE544A /* Main.storyboard in Resources */ = {isa = PBXBuildFile; fileRef = 716E5A232799B68600FE544A /* Main.storyboard */; };
		716E5A272799B68800FE544A /* Assets.xcassets in Resources */ = {isa = PBXBuildFile; fileRef = 716E5A262799B68800FE544A /* Assets.xcassets */; };
		716E5A2A2799B68800FE544A /* LaunchScreen.storyboard in Resources */ = {isa = PBXBuildFile; fileRef = 716E5A282799B68800FE544A /* LaunchScreen.storyboard */; };
		7182F91527EA2A4F00A1326C /* AdicionarItensViewController.swift in Sources */ = {isa = PBXBuildFile; fileRef = 7182F91327EA2A4F00A1326C /* AdicionarItensViewController.swift */; };
		7182F91627EA2A4F00A1326C /* AdicionarItensViewController.xib in Resources */ = {isa = PBXBuildFile; fileRef = 7182F91427EA2A4F00A1326C /* AdicionarItensViewController.xib */; };
		71C3470527DA80080001CB1E /* Refeicao.swift in Sources */ = {isa = PBXBuildFile; fileRef = 71C3470427DA80080001CB1E /* Refeicao.swift */; };
		71C3470B27DA83100001CB1E /* Item.swift in Sources */ = {isa = PBXBuildFile; fileRef = 71C3470A27DA83100001CB1E /* Item.swift */; };
		71D6BEA727E106860000BB31 /* RefeicoesTableViewController.swift in Sources */ = {isa = PBXBuildFile; fileRef = 71D6BEA627E106860000BB31 /* RefeicoesTableViewController.swift */; };
		71EBB9FF27F502AC00D970D5 /* Alerta.swift in Sources */ = {isa = PBXBuildFile; fileRef = 71EBB9FE27F502AC00D970D5 /* Alerta.swift */; };
/* End PBXBuildFile section */

/* Begin PBXFileReference section */
		716E5A1A2799B68600FE544A /* AppAlimento.app */ = {isa = PBXFileReference; explicitFileType = wrapper.application; includeInIndex = 0; path = AppAlimento.app; sourceTree = BUILT_PRODUCTS_DIR; };
		716E5A1D2799B68600FE544A /* AppDelegate.swift */ = {isa = PBXFileReference; lastKnownFileType = sourcecode.swift; path = AppDelegate.swift; sourceTree = "<group>"; };
		716E5A1F2799B68600FE544A /* SceneDelegate.swift */ = {isa = PBXFileReference; lastKnownFileType = sourcecode.swift; path = SceneDelegate.swift; sourceTree = "<group>"; };
		716E5A212799B68600FE544A /* ViewController.swift */ = {isa = PBXFileReference; lastKnownFileType = sourcecode.swift; path = ViewController.swift; sourceTree = "<group>"; };
		716E5A242799B68600FE544A /* Base */ = {isa = PBXFileReference; lastKnownFileType = file.storyboard; name = Base; path = Base.lproj/Main.storyboard; sourceTree = "<group>"; };
		716E5A262799B68800FE544A /* Assets.xcassets */ = {isa = PBXFileReference; lastKnownFileType = folder.assetcatalog; path = Assets.xcassets; sourceTree = "<group>"; };
		716E5A292799B68800FE544A /* Base */ = {isa = PBXFileReference; lastKnownFileType = file.storyboard; name = Base; path = Base.lproj/LaunchScreen.storyboard; sourceTree = "<group>"; };
		716E5A2B2799B68800FE544A /* Info.plist */ = {isa = PBXFileReference; lastKnownFileType = text.plist.xml; path = Info.plist; sourceTree = "<group>"; };
		7182F91327EA2A4F00A1326C /* AdicionarItensViewController.swift */ = {isa = PBXFileReference; lastKnownFileType = sourcecode.swift; path = AdicionarItensViewController.swift; sourceTree = "<group>"; };
		7182F91427EA2A4F00A1326C /* AdicionarItensViewController.xib */ = {isa = PBXFileReference; lastKnownFileType = file.xib; path = AdicionarItensViewController.xib; sourceTree = "<group>"; };
		71C3470427DA80080001CB1E /* Refeicao.swift */ = {isa = PBXFileReference; lastKnownFileType = sourcecode.swift; path = Refeicao.swift; sourceTree = "<group>"; };
		71C3470927DA81E30001CB1E /* MyPlayground2.playground */ = {isa = PBXFileReference; lastKnownFileType = file.playground; name = MyPlayground2.playground; path = ../../../../MyPlayground2.playground; sourceTree = "<group>"; xcLanguageSpecificationIdentifier = xcode.lang.swift; };
		71C3470A27DA83100001CB1E /* Item.swift */ = {isa = PBXFileReference; lastKnownFileType = sourcecode.swift; path = Item.swift; sourceTree = "<group>"; };
		71D6BEA627E106860000BB31 /* RefeicoesTableViewController.swift */ = {isa = PBXFileReference; lastKnownFileType = sourcecode.swift; path = RefeicoesTableViewController.swift; sourceTree = "<group>"; };
		71EBB9FE27F502AC00D970D5 /* Alerta.swift */ = {isa = PBXFileReference; lastKnownFileType = sourcecode.swift; path = Alerta.swift; sourceTree = "<group>"; };
/* End PBXFileReference section */

/* Begin PBXFrameworksBuildPhase section */
		716E5A172799B68600FE544A /* Frameworks */ = {
			isa = PBXFrameworksBuildPhase;
			buildActionMask = 2147483647;
			files = (
			);
			runOnlyForDeploymentPostprocessing = 0;
		};
/* End PBXFrameworksBuildPhase section */

/* Begin PBXGroup section */
		716E5A112799B68600FE544A = {
			isa = PBXGroup;
			children = (
				716E5A1C2799B68600FE544A /* AppAlimento */,
				716E5A1B2799B68600FE544A /* Products */,
			);
			sourceTree = "<group>";
		};
		716E5A1B2799B68600FE544A /* Products */ = {
			isa = PBXGroup;
			children = (
				716E5A1A2799B68600FE544A /* AppAlimento.app */,
			);
			name = Products;
			sourceTree = "<group>";
		};
		716E5A1C2799B68600FE544A /* AppAlimento */ = {
			isa = PBXGroup;
			children = (
				716E5A1D2799B68600FE544A /* AppDelegate.swift */,
				71C3470C27DA87FE0001CB1E /* Models */,
				71C3470F27DA88600001CB1E /* Views */,
				71C3470D27DA88260001CB1E /* Controllers */,
				716E5A1F2799B68600FE544A /* SceneDelegate.swift */,
				716E5A262799B68800FE544A /* Assets.xcassets */,
				71C3470927DA81E30001CB1E /* MyPlayground2.playground */,
				716E5A282799B68800FE544A /* LaunchScreen.storyboard */,
				716E5A2B2799B68800FE544A /* Info.plist */,
			);
			path = AppAlimento;
			sourceTree = "<group>";
		};
		71C3470C27DA87FE0001CB1E /* Models */ = {
			isa = PBXGroup;
			children = (
				71C3470427DA80080001CB1E /* Refeicao.swift */,
				71C3470A27DA83100001CB1E /* Item.swift */,
				71EBB9FE27F502AC00D970D5 /* Alerta.swift */,
			);
			path = Models;
			sourceTree = "<group>";
		};
		71C3470D27DA88260001CB1E /* Controllers */ = {
			isa = PBXGroup;
			children = (
				716E5A212799B68600FE544A /* ViewController.swift */,
				71D6BEA627E106860000BB31 /* RefeicoesTableViewController.swift */,
				7182F91327EA2A4F00A1326C /* AdicionarItensViewController.swift */,
			);
			path = Controllers;
			sourceTree = "<group>";
		};
		71C3470F27DA88600001CB1E /* Views */ = {
			isa = PBXGroup;
			children = (
				716E5A232799B68600FE544A /* Main.storyboard */,
				7182F91427EA2A4F00A1326C /* AdicionarItensViewController.xib */,
			);
			path = Views;
			sourceTree = "<group>";
		};
/* End PBXGroup section */

/* Begin PBXNativeTarget section */
		716E5A192799B68600FE544A /* AppAlimento */ = {
			isa = PBXNativeTarget;
			buildConfigurationList = 716E5A2E2799B68800FE544A /* Build configuration list for PBXNativeTarget "AppAlimento" */;
			buildPhases = (
				716E5A162799B68600FE544A /* Sources */,
				716E5A172799B68600FE544A /* Frameworks */,
				716E5A182799B68600FE544A /* Resources */,
			);
			buildRules = (
			);
			dependencies = (
			);
			name = AppAlimento;
			productName = AppAlimento;
			productReference = 716E5A1A2799B68600FE544A /* AppAlimento.app */;
			productType = "com.apple.product-type.application";
		};
/* End PBXNativeTarget section */

/* Begin PBXProject section */
		716E5A122799B68600FE544A /* Project object */ = {
			isa = PBXProject;
			attributes = {
				BuildIndependentTargetsInParallel = 1;
				LastSwiftUpdateCheck = 1320;
				LastUpgradeCheck = 1320;
				TargetAttributes = {
					716E5A192799B68600FE544A = {
						CreatedOnToolsVersion = 13.2.1;
					};
				};
			};
			buildConfigurationList = 716E5A152799B68600FE544A /* Build configuration list for PBXProject "AppAlimento" */;
			compatibilityVersion = "Xcode 13.0";
			developmentRegion = en;
			hasScannedForEncodings = 0;
			knownRegions = (
				en,
				Base,
			);
			mainGroup = 716E5A112799B68600FE544A;
			productRefGroup = 716E5A1B2799B68600FE544A /* Products */;
			projectDirPath = "";
			projectRoot = "";
			targets = (
				716E5A192799B68600FE544A /* AppAlimento */,
			);
		};
/* End PBXProject section */

/* Begin PBXResourcesBuildPhase section */
		716E5A182799B68600FE544A /* Resources */ = {
			isa = PBXResourcesBuildPhase;
			buildActionMask = 2147483647;
			files = (
				716E5A2A2799B68800FE544A /* LaunchScreen.storyboard in Resources */,
				716E5A272799B68800FE544A /* Assets.xcassets in Resources */,
				7182F91627EA2A4F00A1326C /* AdicionarItensViewController.xib in Resources */,
				716E5A252799B68600FE544A /* Main.storyboard in Resources */,
			);
			runOnlyForDeploymentPostprocessing = 0;
		};
/* End PBXResourcesBuildPhase section */

/* Begin PBXSourcesBuildPhase section */
		716E5A162799B68600FE544A /* Sources */ = {
			isa = PBXSourcesBuildPhase;
			buildActionMask = 2147483647;
			files = (
				71EBB9FF27F502AC00D970D5 /* Alerta.swift in Sources */,
				71C3470B27DA83100001CB1E /* Item.swift in Sources */,
				716E5A222799B68600FE544A /* ViewController.swift in Sources */,
				7182F91527EA2A4F00A1326C /* AdicionarItensViewController.swift in Sources */,
				716E5A1E2799B68600FE544A /* AppDelegate.swift in Sources */,
				71D6BEA727E106860000BB31 /* RefeicoesTableViewController.swift in Sources */,
				716E5A202799B68600FE544A /* SceneDelegate.swift in Sources */,
				71C3470527DA80080001CB1E /* Refeicao.swift in Sources */,
			);
			runOnlyForDeploymentPostprocessing = 0;
		};
/* End PBXSourcesBuildPhase section */

/* Begin PBXVariantGroup section */
		716E5A232799B68600FE544A /* Main.storyboard */ = {
			isa = PBXVariantGroup;
			children = (
				716E5A242799B68600FE544A /* Base */,
			);
			name = Main.storyboard;
			sourceTree = "<group>";
		};
		716E5A282799B68800FE544A /* LaunchScreen.storyboard */ = {
			isa = PBXVariantGroup;
			children = (
				716E5A292799B68800FE544A /* Base */,
			);
			name = LaunchScreen.storyboard;
			sourceTree = "<group>";
		};
/* End PBXVariantGroup section */

/* Begin XCBuildConfiguration section */
		716E5A2C2799B68800FE544A /* Debug */ = {
			isa = XCBuildConfiguration;
			buildSettings = {
				ALWAYS_SEARCH_USER_PATHS = NO;
				CLANG_ANALYZER_NONNULL = YES;
				CLANG_ANALYZER_NUMBER_OBJECT_CONVERSION = YES_AGGRESSIVE;
				CLANG_CXX_LANGUAGE_STANDARD = "gnu++17";
				CLANG_CXX_LIBRARY = "libc++";
				CLANG_ENABLE_MODULES = YES;
				CLANG_ENABLE_OBJC_ARC = YES;
				CLANG_ENABLE_OBJC_WEAK = YES;
				CLANG_WARN_BLOCK_CAPTURE_AUTORELEASING = YES;
				CLANG_WARN_BOOL_CONVERSION = YES;
				CLANG_WARN_COMMA = YES;
				CLANG_WARN_CONSTANT_CONVERSION = YES;
				CLANG_WARN_DEPRECATED_OBJC_IMPLEMENTATIONS = YES;
				CLANG_WARN_DIRECT_OBJC_ISA_USAGE = YES_ERROR;
				CLANG_WARN_DOCUMENTATION_COMMENTS = YES;
				CLANG_WARN_EMPTY_BODY = YES;
				CLANG_WARN_ENUM_CONVERSION = YES;
				CLANG_WARN_INFINITE_RECURSION = YES;
				CLANG_WARN_INT_CONVERSION = YES;
				CLANG_WARN_NON_LITERAL_NULL_CONVERSION = YES;
				CLANG_WARN_OBJC_IMPLICIT_RETAIN_SELF = YES;
				CLANG_WARN_OBJC_LITERAL_CONVERSION = YES;
				CLANG_WARN_OBJC_ROOT_CLASS = YES_ERROR;
				CLANG_WARN_QUOTED_INCLUDE_IN_FRAMEWORK_HEADER = YES;
				CLANG_WARN_RANGE_LOOP_ANALYSIS = YES;
				CLANG_WARN_STRICT_PROTOTYPES = YES;
				CLANG_WARN_SUSPICIOUS_MOVE = YES;
				CLANG_WARN_UNGUARDED_AVAILABILITY = YES_AGGRESSIVE;
				CLANG_WARN_UNREACHABLE_CODE = YES;
				CLANG_WARN__DUPLICATE_METHOD_MATCH = YES;
				COPY_PHASE_STRIP = NO;
				DEBUG_INFORMATION_FORMAT = dwarf;
				ENABLE_STRICT_OBJC_MSGSEND = YES;
				ENABLE_TESTABILITY = YES;
				GCC_C_LANGUAGE_STANDARD = gnu11;
				GCC_DYNAMIC_NO_PIC = NO;
				GCC_NO_COMMON_BLOCKS = YES;
				GCC_OPTIMIZATION_LEVEL = 0;
				GCC_PREPROCESSOR_DEFINITIONS = (
					"DEBUG=1",
					"$(inherited)",
				);
				GCC_WARN_64_TO_32_BIT_CONVERSION = YES;
				GCC_WARN_ABOUT_RETURN_TYPE = YES_ERROR;
				GCC_WARN_UNDECLARED_SELECTOR = YES;
				GCC_WARN_UNINITIALIZED_AUTOS = YES_AGGRESSIVE;
				GCC_WARN_UNUSED_FUNCTION = YES;
				GCC_WARN_UNUSED_VARIABLE = YES;
				IPHONEOS_DEPLOYMENT_TARGET = 15.2;
				MTL_ENABLE_DEBUG_INFO = INCLUDE_SOURCE;
				MTL_FAST_MATH = YES;
				ONLY_ACTIVE_ARCH = YES;
				SDKROOT = iphoneos;
				SWIFT_ACTIVE_COMPILATION_CONDITIONS = DEBUG;
				SWIFT_OPTIMIZATION_LEVEL = "-Onone";
			};
			name = Debug;
		};
		716E5A2D2799B68800FE544A /* Release */ = {
			isa = XCBuildConfiguration;
			buildSettings = {
				ALWAYS_SEARCH_USER_PATHS = NO;
				CLANG_ANALYZER_NONNULL = YES;
				CLANG_ANALYZER_NUMBER_OBJECT_CONVERSION = YES_AGGRESSIVE;
				CLANG_CXX_LANGUAGE_STANDARD = "gnu++17";
				CLANG_CXX_LIBRARY = "libc++";
				CLANG_ENABLE_MODULES = YES;
				CLANG_ENABLE_OBJC_ARC = YES;
				CLANG_ENABLE_OBJC_WEAK = YES;
				CLANG_WARN_BLOCK_CAPTURE_AUTORELEASING = YES;
				CLANG_WARN_BOOL_CONVERSION = YES;
				CLANG_WARN_COMMA = YES;
				CLANG_WARN_CONSTANT_CONVERSION = YES;
				CLANG_WARN_DEPRECATED_OBJC_IMPLEMENTATIONS = YES;
				CLANG_WARN_DIRECT_OBJC_ISA_USAGE = YES_ERROR;
				CLANG_WARN_DOCUMENTATION_COMMENTS = YES;
				CLANG_WARN_EMPTY_BODY = YES;
				CLANG_WARN_ENUM_CONVERSION = YES;
				CLANG_WARN_INFINITE_RECURSION = YES;
				CLANG_WARN_INT_CONVERSION = YES;
				CLANG_WARN_NON_LITERAL_NULL_CONVERSION = YES;
				CLANG_WARN_OBJC_IMPLICIT_RETAIN_SELF = YES;
				CLANG_WARN_OBJC_LITERAL_CONVERSION = YES;
				CLANG_WARN_OBJC_ROOT_CLASS = YES_ERROR;
				CLANG_WARN_QUOTED_INCLUDE_IN_FRAMEWORK_HEADER = YES;
				CLANG_WARN_RANGE_LOOP_ANALYSIS = YES;
				CLANG_WARN_STRICT_PROTOTYPES = YES;
				CLANG_WARN_SUSPICIOUS_MOVE = YES;
				CLANG_WARN_UNGUARDED_AVAILABILITY = YES_AGGRESSIVE;
				CLANG_WARN_UNREACHABLE_CODE = YES;
				CLANG_WARN__DUPLICATE_METHOD_MATCH = YES;
				COPY_PHASE_STRIP = NO;
				DEBUG_INFORMATION_FORMAT = "dwarf-with-dsym";
				ENABLE_NS_ASSERTIONS = NO;
				ENABLE_STRICT_OBJC_MSGSEND = YES;
				GCC_C_LANGUAGE_STANDARD = gnu11;
				GCC_NO_COMMON_BLOCKS = YES;
				GCC_WARN_64_TO_32_BIT_CONVERSION = YES;
				GCC_WARN_ABOUT_RETURN_TYPE = YES_ERROR;
				GCC_WARN_UNDECLARED_SELECTOR = YES;
				GCC_WARN_UNINITIALIZED_AUTOS = YES_AGGRESSIVE;
				GCC_WARN_UNUSED_FUNCTION = YES;
				GCC_WARN_UNUSED_VARIABLE = YES;
				IPHONEOS_DEPLOYMENT_TARGET = 15.2;
				MTL_ENABLE_DEBUG_INFO = NO;
				MTL_FAST_MATH = YES;
				SDKROOT = iphoneos;
				SWIFT_COMPILATION_MODE = wholemodule;
				SWIFT_OPTIMIZATION_LEVEL = "-O";
				VALIDATE_PRODUCT = YES;
			};
			name = Release;
		};
		716E5A2F2799B68800FE544A /* Debug */ = {
			isa = XCBuildConfiguration;
			buildSettings = {
				ASSETCATALOG_COMPILER_APPICON_NAME = AppIcon;
				ASSETCATALOG_COMPILER_GLOBAL_ACCENT_COLOR_NAME = AccentColor;
				CODE_SIGN_STYLE = Automatic;
				CURRENT_PROJECT_VERSION = 1;
				DEVELOPMENT_TEAM = 278X95PFN5;
				GENERATE_INFOPLIST_FILE = YES;
				INFOPLIST_FILE = AppAlimento/Info.plist;
				INFOPLIST_KEY_UIApplicationSupportsIndirectInputEvents = YES;
				INFOPLIST_KEY_UILaunchStoryboardName = LaunchScreen;
				INFOPLIST_KEY_UIMainStoryboardFile = Main;
				INFOPLIST_KEY_UISupportedInterfaceOrientations_iPad = "UIInterfaceOrientationPortrait UIInterfaceOrientationPortraitUpsideDown UIInterfaceOrientationLandscapeLeft UIInterfaceOrientationLandscapeRight";
				INFOPLIST_KEY_UISupportedInterfaceOrientations_iPhone = "UIInterfaceOrientationPortrait UIInterfaceOrientationLandscapeLeft UIInterfaceOrientationLandscapeRight";
				LD_RUNPATH_SEARCH_PATHS = (
					"$(inherited)",
					"@executable_path/Frameworks",
				);
				MARKETING_VERSION = 1.0;
				PRODUCT_BUNDLE_IDENTIFIER = br.com.AppAlimento;
				PRODUCT_NAME = "$(TARGET_NAME)";
				SWIFT_EMIT_LOC_STRINGS = YES;
				SWIFT_VERSION = 5.0;
				TARGETED_DEVICE_FAMILY = "1,2";
			};
			name = Debug;
		};
		716E5A302799B68800FE544A /* Release */ = {
			isa = XCBuildConfiguration;
			buildSettings = {
				ASSETCATALOG_COMPILER_APPICON_NAME = AppIcon;
				ASSETCATALOG_COMPILER_GLOBAL_ACCENT_COLOR_NAME = AccentColor;
				CODE_SIGN_STYLE = Automatic;
				CURRENT_PROJECT_VERSION = 1;
				DEVELOPMENT_TEAM = 278X95PFN5;
				GENERATE_INFOPLIST_FILE = YES;
				INFOPLIST_FILE = AppAlimento/Info.plist;
				INFOPLIST_KEY_UIApplicationSupportsIndirectInputEvents = YES;
				INFOPLIST_KEY_UILaunchStoryboardName = LaunchScreen;
				INFOPLIST_KEY_UIMainStoryboardFile = Main;
				INFOPLIST_KEY_UISupportedInterfaceOrientations_iPad = "UIInterfaceOrientationPortrait UIInterfaceOrientationPortraitUpsideDown UIInterfaceOrientationLandscapeLeft UIInterfaceOrientationLandscapeRight";
				INFOPLIST_KEY_UISupportedInterfaceOrientations_iPhone = "UIInterfaceOrientationPortrait UIInterfaceOrientationLandscapeLeft UIInterfaceOrientationLandscapeRight";
				LD_RUNPATH_SEARCH_PATHS = (
					"$(inherited)",
					"@executable_path/Frameworks",
				);
				MARKETING_VERSION = 1.0;
				PRODUCT_BUNDLE_IDENTIFIER = br.com.AppAlimento;
				PRODUCT_NAME = "$(TARGET_NAME)";
				SWIFT_EMIT_LOC_STRINGS = YES;
				SWIFT_VERSION = 5.0;
				TARGETED_DEVICE_FAMILY = "1,2";
			};
			name = Release;
		};
/* End XCBuildConfiguration section */

/* Begin XCConfigurationList section */
		716E5A152799B68600FE544A /* Build configuration list for PBXProject "AppAlimento" */ = {
			isa = XCConfigurationList;
			buildConfigurations = (
				716E5A2C2799B68800FE544A /* Debug */,
				716E5A2D2799B68800FE544A /* Release */,
			);
			defaultConfigurationIsVisible = 0;
			defaultConfigurationName = Release;
		};
		716E5A2E2799B68800FE544A /* Build configuration list for PBXNativeTarget "AppAlimento" */ = {
			isa = XCConfigurationList;
			buildConfigurations = (
				716E5A2F2799B68800FE544A /* Debug */,
				716E5A302799B68800FE544A /* Release */,
			);
			defaultConfigurationIsVisible = 0;
			defaultConfigurationName = Release;
		};
/* End XCConfigurationList section */
	};
	rootObject = 716E5A122799B68600FE544A /* Project object */;
}
